
Microsoft Visual Studio Solution File, Format Version 12.00
# Visual Studio 15
VisualStudioVersion = 15.0.28307.329
MinimumVisualStudioVersion = 10.0.40219.1
Project("{8BC9CEB8-8B4A-11D0-8D11-00A0C91BC942}") = "ass2_1", "ass2_1\ass2_1.vcxproj", "{3F64F4C2-75F6-487E-AC1F-41781BD88FAE}"
EndProject
Project("{8BC9CEB8-8B4A-11D0-8D11-00A0C91BC942}") = "1_1", "1_1\1_1.vcxproj", "{A5814F1A-5841-48CB-AF19-FB46C71D9D38}"
EndProject
Project("{8BC9CEB8-8B4A-11D0-8D11-00A0C91BC942}") = "3", "3\3.vcxproj", "{0DED105F-A430-4F47-BB71-2D178432CDDE}"
EndProject
Project("{8BC9CEB8-8B4A-11D0-8D11-00A0C91BC942}") = "4", "4\4.vcxproj", "{45BBA554-5103-4B57-828A-0A18B4AE15D5}"
EndProject
Project("{8BC9CEB8-8B4A-11D0-8D11-00A0C91BC942}") = "5", "5\5.vcxproj", "{AC2F83DE-3504-4DC8-9DB1-E735953ECDF4}"
EndProject
Global
	GlobalSection(SolutionConfigurationPlatforms) = preSolution
		Debug|x64 = Debug|x64
		Debug|x86 = Debug|x86
		Release|x64 = Release|x64
		Release|x86 = Release|x86
	EndGlobalSection
	GlobalSection(ProjectConfigurationPlatforms) = postSolution
		{3F64F4C2-75F6-487E-AC1F-41781BD88FAE}.Debug|x64.ActiveCfg = Debug|x64
		{3F64F4C2-75F6-487E-AC1F-41781BD88FAE}.Debug|x64.Build.0 = Debug|x64
		{3F64F4C2-75F6-487E-AC1F-41781BD88FAE}.Debug|x86.ActiveCfg = Debug|Win32
		{3F64F4C2-75F6-487E-AC1F-41781BD88FAE}.Debug|x86.Build.0 = Debug|Win32
		{3F64F4C2-75F6-487E-AC1F-41781BD88FAE}.Release|x64.ActiveCfg = Release|x64
		{3F64F4C2-75F6-487E-AC1F-41781BD88FAE}.Release|x64.Build.0 = Release|x64
		{3F64F4C2-75F6-487E-AC1F-41781BD88FAE}.Release|x86.ActiveCfg = Release|Win32
		{3F64F4C2-75F6-487E-AC1F-41781BD88FAE}.Release|x86.Build.0 = Release|Win32
		{A5814F1A-5841-48CB-AF19-FB46C71D9D38}.Debug|x64.ActiveCfg = Debug|x64
		{A5814F1A-5841-48CB-AF19-FB46C71D9D38}.Debug|x64.Build.0 = Debug|x64
		{A5814F1A-5841-48CB-AF19-FB46C71D9D38}.Debug|x86.ActiveCfg = Debug|Win32
		{A5814F1A-5841-48CB-AF19-FB46C71D9D38}.Debug|x86.Build.0 = Debug|Win32
		{A5814F1A-5841-48CB-AF19-FB46C71D9D38}.Release|x64.ActiveCfg = Release|x64
		{A5814F1A-5841-48CB-AF19-FB46C71D9D38}.Release|x64.Build.0 = Release|x64
		{A5814F1A-5841-48CB-AF19-FB46C71D9D38}.Release|x86.ActiveCfg = Release|Win32
		{A5814F1A-5841-48CB-AF19-FB46C71D9D38}.Release|x86.Build.0 = Release|Win32
		{0DED105F-A430-4F47-BB71-2D178432CDDE}.Debug|x64.ActiveCfg = Debug|x64
		{0DED105F-A430-4F47-BB71-2D178432CDDE}.Debug|x64.Build.0 = Debug|x64
		{0DED105F-A430-4F47-BB71-2D178432CDDE}.Debug|x86.ActiveCfg = Debug|Win32
		{0DED105F-A430-4F47-BB71-2D178432CDDE}.Debug|x86.Build.0 = Debug|Win32
		{0DED105F-A430-4F47-BB71-2D178432CDDE}.Release|x64.ActiveCfg = Release|x64
		{0DED105F-A430-4F47-BB71-2D178432CDDE}.Release|x64.Build.0 = Release|x64
		{0DED105F-A430-4F47-BB71-2D178432CDDE}.Release|x86.ActiveCfg = Release|Win32
		{0DED105F-A430-4F47-BB71-2D178432CDDE}.Release|x86.Build.0 = Release|Win32
		{45BBA554-5103-4B57-828A-0A18B4AE15D5}.Debug|x64.ActiveCfg = Debug|x64
		{45BBA554-5103-4B57-828A-0A18B4AE15D5}.Debug|x64.Build.0 = Debug|x64
		{45BBA554-5103-4B57-828A-0A18B4AE15D5}.Debug|x86.ActiveCfg = Debug|Win32
		{45BBA554-5103-4B57-828A-0A18B4AE15D5}.Debug|x86.Build.0 = Debug|Win32
		{45BBA554-5103-4B57-828A-0A18B4AE15D5}.Release|x64.ActiveCfg = Release|x64
		{45BBA554-5103-4B57-828A-0A18B4AE15D5}.Release|x64.Build.0 = Release|x64
		{45BBA554-5103-4B57-828A-0A18B4AE15D5}.Release|x86.ActiveCfg = Release|Win32
		{45BBA554-5103-4B57-828A-0A18B4AE15D5}.Release|x86.Build.0 = Release|Win32
		{AC2F83DE-3504-4DC8-9DB1-E735953ECDF4}.Debug|x64.ActiveCfg = Debug|x64
		{AC2F83DE-3504-4DC8-9DB1-E735953ECDF4}.Debug|x64.Build.0 = Debug|x64
		{AC2F83DE-3504-4DC8-9DB1-E735953ECDF4}.Debug|x86.ActiveCfg = Debug|Win32
		{AC2F83DE-3504-4DC8-9DB1-E735953ECDF4}.Debug|x86.Build.0 = Debug|Win32
		{AC2F83DE-3504-4DC8-9DB1-E735953ECDF4}.Release|x64.ActiveCfg = Release|x64
		{AC2F83DE-3504-4DC8-9DB1-E735953ECDF4}.Release|x64.Build.0 = Release|x64
		{AC2F83DE-3504-4DC8-9DB1-E735953ECDF4}.Release|x86.ActiveCfg = Release|Win32
		{AC2F83DE-3504-4DC8-9DB1-E735953ECDF4}.Release|x86.Build.0 = Release|Win32
	EndGlobalSection
	GlobalSection(SolutionProperties) = preSolution
		HideSolutionNode = FALSE
	EndGlobalSection
	GlobalSection(ExtensibilityGlobals) = postSolution
		SolutionGuid = {AC12CAEF-0A21-4A72-8649-661C83720F56}
	EndGlobalSection
EndGlobal
