
Microsoft Visual Studio Solution File, Format Version 12.00
# Visual Studio 15
VisualStudioVersion = 15.0.28307.329
MinimumVisualStudioVersion = 10.0.40219.1
Project("{8BC9CEB8-8B4A-11D0-8D11-00A0C91BC942}") = "ass3_5", "ass3_5\ass3_5.vcxproj", "{37B480A9-BD5D-40B0-AAC6-67E0961E0239}"
EndProject
Global
	GlobalSection(SolutionConfigurationPlatforms) = preSolution
		Debug|x64 = Debug|x64
		Debug|x86 = Debug|x86
		Release|x64 = Release|x64
		Release|x86 = Release|x86
	EndGlobalSection
	GlobalSection(ProjectConfigurationPlatforms) = postSolution
		{37B480A9-BD5D-40B0-AAC6-67E0961E0239}.Debug|x64.ActiveCfg = Debug|x64
		{37B480A9-BD5D-40B0-AAC6-67E0961E0239}.Debug|x64.Build.0 = Debug|x64
		{37B480A9-BD5D-40B0-AAC6-67E0961E0239}.Debug|x86.ActiveCfg = Debug|Win32
		{37B480A9-BD5D-40B0-AAC6-67E0961E0239}.Debug|x86.Build.0 = Debug|Win32
		{37B480A9-BD5D-40B0-AAC6-67E0961E0239}.Release|x64.ActiveCfg = Release|x64
		{37B480A9-BD5D-40B0-AAC6-67E0961E0239}.Release|x64.Build.0 = Release|x64
		{37B480A9-BD5D-40B0-AAC6-67E0961E0239}.Release|x86.ActiveCfg = Release|Win32
		{37B480A9-BD5D-40B0-AAC6-67E0961E0239}.Release|x86.Build.0 = Release|Win32
	EndGlobalSection
	GlobalSection(SolutionProperties) = preSolution
		HideSolutionNode = FALSE
	EndGlobalSection
	GlobalSection(ExtensibilityGlobals) = postSolution
		SolutionGuid = {26B240C5-ABC5-43DF-A8C9-71E786A37FB1}
	EndGlobalSection
EndGlobal
