
Microsoft Visual Studio Solution File, Format Version 12.00
# Visual Studio 15
VisualStudioVersion = 15.0.28307.329
MinimumVisualStudioVersion = 10.0.40219.1
Project("{8BC9CEB8-8B4A-11D0-8D11-00A0C91BC942}") = "ass2_2", "ass2_2\ass2_2.vcxproj", "{007F949B-B023-4756-BA24-335695196966}"
EndProject
Global
	GlobalSection(SolutionConfigurationPlatforms) = preSolution
		Debug|x64 = Debug|x64
		Debug|x86 = Debug|x86
		Release|x64 = Release|x64
		Release|x86 = Release|x86
	EndGlobalSection
	GlobalSection(ProjectConfigurationPlatforms) = postSolution
		{007F949B-B023-4756-BA24-335695196966}.Debug|x64.ActiveCfg = Debug|x64
		{007F949B-B023-4756-BA24-335695196966}.Debug|x64.Build.0 = Debug|x64
		{007F949B-B023-4756-BA24-335695196966}.Debug|x86.ActiveCfg = Debug|Win32
		{007F949B-B023-4756-BA24-335695196966}.Debug|x86.Build.0 = Debug|Win32
		{007F949B-B023-4756-BA24-335695196966}.Release|x64.ActiveCfg = Release|x64
		{007F949B-B023-4756-BA24-335695196966}.Release|x64.Build.0 = Release|x64
		{007F949B-B023-4756-BA24-335695196966}.Release|x86.ActiveCfg = Release|Win32
		{007F949B-B023-4756-BA24-335695196966}.Release|x86.Build.0 = Release|Win32
	EndGlobalSection
	GlobalSection(SolutionProperties) = preSolution
		HideSolutionNode = FALSE
	EndGlobalSection
	GlobalSection(ExtensibilityGlobals) = postSolution
		SolutionGuid = {D46B91CF-E059-4AFA-922F-E2176AF252FC}
	EndGlobalSection
EndGlobal
