
Microsoft Visual Studio Solution File, Format Version 12.00
# Visual Studio 15
VisualStudioVersion = 15.0.28307.329
MinimumVisualStudioVersion = 10.0.40219.1
Project("{8BC9CEB8-8B4A-11D0-8D11-00A0C91BC942}") = "Project15", "Project15\Project15.vcxproj", "{34111578-50EC-472B-9E7D-7F5F488C4E0B}"
EndProject
Global
	GlobalSection(SolutionConfigurationPlatforms) = preSolution
		Debug|x64 = Debug|x64
		Debug|x86 = Debug|x86
		Release|x64 = Release|x64
		Release|x86 = Release|x86
	EndGlobalSection
	GlobalSection(ProjectConfigurationPlatforms) = postSolution
		{34111578-50EC-472B-9E7D-7F5F488C4E0B}.Debug|x64.ActiveCfg = Debug|x64
		{34111578-50EC-472B-9E7D-7F5F488C4E0B}.Debug|x64.Build.0 = Debug|x64
		{34111578-50EC-472B-9E7D-7F5F488C4E0B}.Debug|x86.ActiveCfg = Debug|Win32
		{34111578-50EC-472B-9E7D-7F5F488C4E0B}.Debug|x86.Build.0 = Debug|Win32
		{34111578-50EC-472B-9E7D-7F5F488C4E0B}.Release|x64.ActiveCfg = Release|x64
		{34111578-50EC-472B-9E7D-7F5F488C4E0B}.Release|x64.Build.0 = Release|x64
		{34111578-50EC-472B-9E7D-7F5F488C4E0B}.Release|x86.ActiveCfg = Release|Win32
		{34111578-50EC-472B-9E7D-7F5F488C4E0B}.Release|x86.Build.0 = Release|Win32
	EndGlobalSection
	GlobalSection(SolutionProperties) = preSolution
		HideSolutionNode = FALSE
	EndGlobalSection
	GlobalSection(ExtensibilityGlobals) = postSolution
		SolutionGuid = {0598DCFB-5156-4BE2-8AC3-8F2E03668C2A}
	EndGlobalSection
EndGlobal
