
Microsoft Visual Studio Solution File, Format Version 12.00
# Visual Studio 15
VisualStudioVersion = 15.0.28307.329
MinimumVisualStudioVersion = 10.0.40219.1
Project("{8BC9CEB8-8B4A-11D0-8D11-00A0C91BC942}") = "Project9", "Project9\Project9.vcxproj", "{DFF791DC-33E5-4318-BEB4-4DC79F94452C}"
EndProject
Global
	GlobalSection(SolutionConfigurationPlatforms) = preSolution
		Debug|x64 = Debug|x64
		Debug|x86 = Debug|x86
		Release|x64 = Release|x64
		Release|x86 = Release|x86
	EndGlobalSection
	GlobalSection(ProjectConfigurationPlatforms) = postSolution
		{DFF791DC-33E5-4318-BEB4-4DC79F94452C}.Debug|x64.ActiveCfg = Debug|x64
		{DFF791DC-33E5-4318-BEB4-4DC79F94452C}.Debug|x64.Build.0 = Debug|x64
		{DFF791DC-33E5-4318-BEB4-4DC79F94452C}.Debug|x86.ActiveCfg = Debug|Win32
		{DFF791DC-33E5-4318-BEB4-4DC79F94452C}.Debug|x86.Build.0 = Debug|Win32
		{DFF791DC-33E5-4318-BEB4-4DC79F94452C}.Release|x64.ActiveCfg = Release|x64
		{DFF791DC-33E5-4318-BEB4-4DC79F94452C}.Release|x64.Build.0 = Release|x64
		{DFF791DC-33E5-4318-BEB4-4DC79F94452C}.Release|x86.ActiveCfg = Release|Win32
		{DFF791DC-33E5-4318-BEB4-4DC79F94452C}.Release|x86.Build.0 = Release|Win32
	EndGlobalSection
	GlobalSection(SolutionProperties) = preSolution
		HideSolutionNode = FALSE
	EndGlobalSection
	GlobalSection(ExtensibilityGlobals) = postSolution
		SolutionGuid = {B2C09E59-C0FC-4334-B784-36DC21B97C92}
	EndGlobalSection
EndGlobal
