
Microsoft Visual Studio Solution File, Format Version 12.00
# Visual Studio 15
VisualStudioVersion = 15.0.28307.329
MinimumVisualStudioVersion = 10.0.40219.1
Project("{8BC9CEB8-8B4A-11D0-8D11-00A0C91BC942}") = "in_pos_pre", "in_pos_pre\in_pos_pre.vcxproj", "{398FA8E8-A451-47B9-8F4B-18BC807F0DE8}"
EndProject
Global
	GlobalSection(SolutionConfigurationPlatforms) = preSolution
		Debug|x64 = Debug|x64
		Debug|x86 = Debug|x86
		Release|x64 = Release|x64
		Release|x86 = Release|x86
	EndGlobalSection
	GlobalSection(ProjectConfigurationPlatforms) = postSolution
		{398FA8E8-A451-47B9-8F4B-18BC807F0DE8}.Debug|x64.ActiveCfg = Debug|x64
		{398FA8E8-A451-47B9-8F4B-18BC807F0DE8}.Debug|x64.Build.0 = Debug|x64
		{398FA8E8-A451-47B9-8F4B-18BC807F0DE8}.Debug|x86.ActiveCfg = Debug|Win32
		{398FA8E8-A451-47B9-8F4B-18BC807F0DE8}.Debug|x86.Build.0 = Debug|Win32
		{398FA8E8-A451-47B9-8F4B-18BC807F0DE8}.Release|x64.ActiveCfg = Release|x64
		{398FA8E8-A451-47B9-8F4B-18BC807F0DE8}.Release|x64.Build.0 = Release|x64
		{398FA8E8-A451-47B9-8F4B-18BC807F0DE8}.Release|x86.ActiveCfg = Release|Win32
		{398FA8E8-A451-47B9-8F4B-18BC807F0DE8}.Release|x86.Build.0 = Release|Win32
	EndGlobalSection
	GlobalSection(SolutionProperties) = preSolution
		HideSolutionNode = FALSE
	EndGlobalSection
	GlobalSection(ExtensibilityGlobals) = postSolution
		SolutionGuid = {E09018CC-6E7D-478C-967A-8B008F8CCA75}
	EndGlobalSection
EndGlobal
