
Microsoft Visual Studio Solution File, Format Version 12.00
# Visual Studio 15
VisualStudioVersion = 15.0.28307.329
MinimumVisualStudioVersion = 10.0.40219.1
Project("{8BC9CEB8-8B4A-11D0-8D11-00A0C91BC942}") = "ass+2_4", "ass+2_4\ass+2_4.vcxproj", "{C003E1F6-2CEA-448E-8C43-26B5B764B73E}"
EndProject
Global
	GlobalSection(SolutionConfigurationPlatforms) = preSolution
		Debug|x64 = Debug|x64
		Debug|x86 = Debug|x86
		Release|x64 = Release|x64
		Release|x86 = Release|x86
	EndGlobalSection
	GlobalSection(ProjectConfigurationPlatforms) = postSolution
		{C003E1F6-2CEA-448E-8C43-26B5B764B73E}.Debug|x64.ActiveCfg = Debug|x64
		{C003E1F6-2CEA-448E-8C43-26B5B764B73E}.Debug|x64.Build.0 = Debug|x64
		{C003E1F6-2CEA-448E-8C43-26B5B764B73E}.Debug|x86.ActiveCfg = Debug|Win32
		{C003E1F6-2CEA-448E-8C43-26B5B764B73E}.Debug|x86.Build.0 = Debug|Win32
		{C003E1F6-2CEA-448E-8C43-26B5B764B73E}.Release|x64.ActiveCfg = Release|x64
		{C003E1F6-2CEA-448E-8C43-26B5B764B73E}.Release|x64.Build.0 = Release|x64
		{C003E1F6-2CEA-448E-8C43-26B5B764B73E}.Release|x86.ActiveCfg = Release|Win32
		{C003E1F6-2CEA-448E-8C43-26B5B764B73E}.Release|x86.Build.0 = Release|Win32
	EndGlobalSection
	GlobalSection(SolutionProperties) = preSolution
		HideSolutionNode = FALSE
	EndGlobalSection
	GlobalSection(ExtensibilityGlobals) = postSolution
		SolutionGuid = {166C9159-B54E-41CD-AE4D-BB1D2568FAF3}
	EndGlobalSection
EndGlobal
