
Microsoft Visual Studio Solution File, Format Version 12.00
# Visual Studio 15
VisualStudioVersion = 15.0.28307.329
MinimumVisualStudioVersion = 10.0.40219.1
Project("{8BC9CEB8-8B4A-11D0-8D11-00A0C91BC942}") = "write", "write\write.vcxproj", "{8A021F84-D4F6-49D6-B5FA-5FA0225D589E}"
EndProject
Project("{8BC9CEB8-8B4A-11D0-8D11-00A0C91BC942}") = "process", "process\process.vcxproj", "{2B663CDA-105E-4128-BFDF-9DC94CF15595}"
EndProject
Project("{8BC9CEB8-8B4A-11D0-8D11-00A0C91BC942}") = "inheritprocess", "inheritprocess\inheritprocess.vcxproj", "{F0EA1307-1406-4E41-8FAF-17CFD0861667}"
EndProject
Project("{8BC9CEB8-8B4A-11D0-8D11-00A0C91BC942}") = "readfile", "readfile\readfile.vcxproj", "{1C69EB20-8B47-4151-916E-32A9E372F278}"
EndProject
Project("{8BC9CEB8-8B4A-11D0-8D11-00A0C91BC942}") = "convert", "convert\convert.vcxproj", "{B7D733F6-8226-48B4-8476-73924FC95B0C}"
EndProject
Project("{8BC9CEB8-8B4A-11D0-8D11-00A0C91BC942}") = "10", "10\10.vcxproj", "{707D0354-D7C6-4C0C-88EE-B501EDAEE644}"
EndProject
Project("{8BC9CEB8-8B4A-11D0-8D11-00A0C91BC942}") = "9", "9\9.vcxproj", "{B43223A3-5116-44C5-8780-104722D879AD}"
EndProject
Project("{8BC9CEB8-8B4A-11D0-8D11-00A0C91BC942}") = "11a", "11\11.vcxproj", "{A24B0A6D-2B10-4DDD-8577-037AC9116B12}"
EndProject
Project("{8BC9CEB8-8B4A-11D0-8D11-00A0C91BC942}") = "11B", "11B\11B.vcxproj", "{C9680141-10F2-4468-BC64-F0AE7F336524}"
EndProject
Project("{8BC9CEB8-8B4A-11D0-8D11-00A0C91BC942}") = "12", "12\12.vcxproj", "{66BAB74B-A8CE-41F5-A2D4-364036717C26}"
EndProject
Project("{8BC9CEB8-8B4A-11D0-8D11-00A0C91BC942}") = "13", "13\13.vcxproj", "{5926C94B-1DA7-4F2B-83D8-E48C1E12B2DC}"
EndProject
Project("{8BC9CEB8-8B4A-11D0-8D11-00A0C91BC942}") = "14", "14\14.vcxproj", "{6097E48A-AC86-42BC-89A6-641D0ADBBF7A}"
EndProject
Project("{8BC9CEB8-8B4A-11D0-8D11-00A0C91BC942}") = "15", "15\15.vcxproj", "{5C646FF5-FDBE-4C8E-BECD-78F224175D1F}"
EndProject
Project("{8BC9CEB8-8B4A-11D0-8D11-00A0C91BC942}") = "17", "17\17.vcxproj", "{6F1BE987-06A6-4366-A0C6-5F1151CA6936}"
EndProject
Project("{8BC9CEB8-8B4A-11D0-8D11-00A0C91BC942}") = "18", "18\18.vcxproj", "{8FBB44B1-A6D0-42EE-B731-23E7FACE4BC0}"
EndProject
Project("{8BC9CEB8-8B4A-11D0-8D11-00A0C91BC942}") = "1", "1\1.vcxproj", "{04D0683E-7C80-4CE3-B3AB-0EE364837BA3}"
EndProject
Project("{8BC9CEB8-8B4A-11D0-8D11-00A0C91BC942}") = "11c", "11c\11c.vcxproj", "{C90E99F7-CF5D-4085-86A9-4102F21B842C}"
EndProject
Project("{8BC9CEB8-8B4A-11D0-8D11-00A0C91BC942}") = "16", "16\16.vcxproj", "{38585A0C-4B8D-4CCF-8C39-3D158613F587}"
EndProject
Project("{8BC9CEB8-8B4A-11D0-8D11-00A0C91BC942}") = "16a", "16a\16a.vcxproj", "{752B135D-E9C9-41B1-8331-C965B553A19A}"
EndProject
Project("{8BC9CEB8-8B4A-11D0-8D11-00A0C91BC942}") = "16b", "16b\16b.vcxproj", "{95B4786A-4CA3-4D0B-84D5-E85E004A988D}"
EndProject
Project("{8BC9CEB8-8B4A-11D0-8D11-00A0C91BC942}") = "19", "19\19.vcxproj", "{B3DC3EA6-4BD4-4B1C-893F-44E163577F91}"
EndProject
Project("{8BC9CEB8-8B4A-11D0-8D11-00A0C91BC942}") = "21_3", "21_3\21_3.vcxproj", "{1914AF6B-E617-4737-B362-76726312AABA}"
EndProject
Project("{8BC9CEB8-8B4A-11D0-8D11-00A0C91BC942}") = "21b", "21b\21b.vcxproj", "{E78F5FB4-1AD3-4E8B-A488-1B80DA1EC405}"
EndProject
Project("{8BC9CEB8-8B4A-11D0-8D11-00A0C91BC942}") = "22", "22\22.vcxproj", "{B9AE620B-CC73-4AAF-AE11-0A836FBDED97}"
EndProject
Project("{8BC9CEB8-8B4A-11D0-8D11-00A0C91BC942}") = "24", "24\24.vcxproj", "{46324C4A-B0DF-4191-AC0C-2CBDDD75C511}"
EndProject
Global
	GlobalSection(SolutionConfigurationPlatforms) = preSolution
		Debug|x64 = Debug|x64
		Debug|x86 = Debug|x86
		Release|x64 = Release|x64
		Release|x86 = Release|x86
	EndGlobalSection
	GlobalSection(ProjectConfigurationPlatforms) = postSolution
		{8A021F84-D4F6-49D6-B5FA-5FA0225D589E}.Debug|x64.ActiveCfg = Debug|x64
		{8A021F84-D4F6-49D6-B5FA-5FA0225D589E}.Debug|x64.Build.0 = Debug|x64
		{8A021F84-D4F6-49D6-B5FA-5FA0225D589E}.Debug|x86.ActiveCfg = Debug|Win32
		{8A021F84-D4F6-49D6-B5FA-5FA0225D589E}.Debug|x86.Build.0 = Debug|Win32
		{8A021F84-D4F6-49D6-B5FA-5FA0225D589E}.Release|x64.ActiveCfg = Release|x64
		{8A021F84-D4F6-49D6-B5FA-5FA0225D589E}.Release|x64.Build.0 = Release|x64
		{8A021F84-D4F6-49D6-B5FA-5FA0225D589E}.Release|x86.ActiveCfg = Release|Win32
		{8A021F84-D4F6-49D6-B5FA-5FA0225D589E}.Release|x86.Build.0 = Release|Win32
		{2B663CDA-105E-4128-BFDF-9DC94CF15595}.Debug|x64.ActiveCfg = Debug|x64
		{2B663CDA-105E-4128-BFDF-9DC94CF15595}.Debug|x64.Build.0 = Debug|x64
		{2B663CDA-105E-4128-BFDF-9DC94CF15595}.Debug|x86.ActiveCfg = Debug|Win32
		{2B663CDA-105E-4128-BFDF-9DC94CF15595}.Debug|x86.Build.0 = Debug|Win32
		{2B663CDA-105E-4128-BFDF-9DC94CF15595}.Release|x64.ActiveCfg = Release|x64
		{2B663CDA-105E-4128-BFDF-9DC94CF15595}.Release|x64.Build.0 = Release|x64
		{2B663CDA-105E-4128-BFDF-9DC94CF15595}.Release|x86.ActiveCfg = Release|Win32
		{2B663CDA-105E-4128-BFDF-9DC94CF15595}.Release|x86.Build.0 = Release|Win32
		{F0EA1307-1406-4E41-8FAF-17CFD0861667}.Debug|x64.ActiveCfg = Debug|x64
		{F0EA1307-1406-4E41-8FAF-17CFD0861667}.Debug|x64.Build.0 = Debug|x64
		{F0EA1307-1406-4E41-8FAF-17CFD0861667}.Debug|x86.ActiveCfg = Debug|Win32
		{F0EA1307-1406-4E41-8FAF-17CFD0861667}.Debug|x86.Build.0 = Debug|Win32
		{F0EA1307-1406-4E41-8FAF-17CFD0861667}.Release|x64.ActiveCfg = Release|x64
		{F0EA1307-1406-4E41-8FAF-17CFD0861667}.Release|x64.Build.0 = Release|x64
		{F0EA1307-1406-4E41-8FAF-17CFD0861667}.Release|x86.ActiveCfg = Release|Win32
		{F0EA1307-1406-4E41-8FAF-17CFD0861667}.Release|x86.Build.0 = Release|Win32
		{1C69EB20-8B47-4151-916E-32A9E372F278}.Debug|x64.ActiveCfg = Debug|x64
		{1C69EB20-8B47-4151-916E-32A9E372F278}.Debug|x64.Build.0 = Debug|x64
		{1C69EB20-8B47-4151-916E-32A9E372F278}.Debug|x86.ActiveCfg = Debug|Win32
		{1C69EB20-8B47-4151-916E-32A9E372F278}.Debug|x86.Build.0 = Debug|Win32
		{1C69EB20-8B47-4151-916E-32A9E372F278}.Release|x64.ActiveCfg = Release|x64
		{1C69EB20-8B47-4151-916E-32A9E372F278}.Release|x64.Build.0 = Release|x64
		{1C69EB20-8B47-4151-916E-32A9E372F278}.Release|x86.ActiveCfg = Release|Win32
		{1C69EB20-8B47-4151-916E-32A9E372F278}.Release|x86.Build.0 = Release|Win32
		{B7D733F6-8226-48B4-8476-73924FC95B0C}.Debug|x64.ActiveCfg = Debug|x64
		{B7D733F6-8226-48B4-8476-73924FC95B0C}.Debug|x64.Build.0 = Debug|x64
		{B7D733F6-8226-48B4-8476-73924FC95B0C}.Debug|x86.ActiveCfg = Debug|Win32
		{B7D733F6-8226-48B4-8476-73924FC95B0C}.Debug|x86.Build.0 = Debug|Win32
		{B7D733F6-8226-48B4-8476-73924FC95B0C}.Release|x64.ActiveCfg = Release|x64
		{B7D733F6-8226-48B4-8476-73924FC95B0C}.Release|x64.Build.0 = Release|x64
		{B7D733F6-8226-48B4-8476-73924FC95B0C}.Release|x86.ActiveCfg = Release|Win32
		{B7D733F6-8226-48B4-8476-73924FC95B0C}.Release|x86.Build.0 = Release|Win32
		{707D0354-D7C6-4C0C-88EE-B501EDAEE644}.Debug|x64.ActiveCfg = Debug|x64
		{707D0354-D7C6-4C0C-88EE-B501EDAEE644}.Debug|x64.Build.0 = Debug|x64
		{707D0354-D7C6-4C0C-88EE-B501EDAEE644}.Debug|x86.ActiveCfg = Debug|Win32
		{707D0354-D7C6-4C0C-88EE-B501EDAEE644}.Debug|x86.Build.0 = Debug|Win32
		{707D0354-D7C6-4C0C-88EE-B501EDAEE644}.Release|x64.ActiveCfg = Release|x64
		{707D0354-D7C6-4C0C-88EE-B501EDAEE644}.Release|x64.Build.0 = Release|x64
		{707D0354-D7C6-4C0C-88EE-B501EDAEE644}.Release|x86.ActiveCfg = Release|Win32
		{707D0354-D7C6-4C0C-88EE-B501EDAEE644}.Release|x86.Build.0 = Release|Win32
		{B43223A3-5116-44C5-8780-104722D879AD}.Debug|x64.ActiveCfg = Debug|x64
		{B43223A3-5116-44C5-8780-104722D879AD}.Debug|x64.Build.0 = Debug|x64
		{B43223A3-5116-44C5-8780-104722D879AD}.Debug|x86.ActiveCfg = Debug|Win32
		{B43223A3-5116-44C5-8780-104722D879AD}.Debug|x86.Build.0 = Debug|Win32
		{B43223A3-5116-44C5-8780-104722D879AD}.Release|x64.ActiveCfg = Release|x64
		{B43223A3-5116-44C5-8780-104722D879AD}.Release|x64.Build.0 = Release|x64
		{B43223A3-5116-44C5-8780-104722D879AD}.Release|x86.ActiveCfg = Release|Win32
		{B43223A3-5116-44C5-8780-104722D879AD}.Release|x86.Build.0 = Release|Win32
		{A24B0A6D-2B10-4DDD-8577-037AC9116B12}.Debug|x64.ActiveCfg = Debug|x64
		{A24B0A6D-2B10-4DDD-8577-037AC9116B12}.Debug|x64.Build.0 = Debug|x64
		{A24B0A6D-2B10-4DDD-8577-037AC9116B12}.Debug|x86.ActiveCfg = Debug|Win32
		{A24B0A6D-2B10-4DDD-8577-037AC9116B12}.Debug|x86.Build.0 = Debug|Win32
		{A24B0A6D-2B10-4DDD-8577-037AC9116B12}.Release|x64.ActiveCfg = Release|x64
		{A24B0A6D-2B10-4DDD-8577-037AC9116B12}.Release|x64.Build.0 = Release|x64
		{A24B0A6D-2B10-4DDD-8577-037AC9116B12}.Release|x86.ActiveCfg = Release|Win32
		{A24B0A6D-2B10-4DDD-8577-037AC9116B12}.Release|x86.Build.0 = Release|Win32
		{C9680141-10F2-4468-BC64-F0AE7F336524}.Debug|x64.ActiveCfg = Debug|x64
		{C9680141-10F2-4468-BC64-F0AE7F336524}.Debug|x64.Build.0 = Debug|x64
		{C9680141-10F2-4468-BC64-F0AE7F336524}.Debug|x86.ActiveCfg = Debug|Win32
		{C9680141-10F2-4468-BC64-F0AE7F336524}.Debug|x86.Build.0 = Debug|Win32
		{C9680141-10F2-4468-BC64-F0AE7F336524}.Release|x64.ActiveCfg = Release|x64
		{C9680141-10F2-4468-BC64-F0AE7F336524}.Release|x64.Build.0 = Release|x64
		{C9680141-10F2-4468-BC64-F0AE7F336524}.Release|x86.ActiveCfg = Release|Win32
		{C9680141-10F2-4468-BC64-F0AE7F336524}.Release|x86.Build.0 = Release|Win32
		{66BAB74B-A8CE-41F5-A2D4-364036717C26}.Debug|x64.ActiveCfg = Debug|x64
		{66BAB74B-A8CE-41F5-A2D4-364036717C26}.Debug|x64.Build.0 = Debug|x64
		{66BAB74B-A8CE-41F5-A2D4-364036717C26}.Debug|x86.ActiveCfg = Debug|Win32
		{66BAB74B-A8CE-41F5-A2D4-364036717C26}.Debug|x86.Build.0 = Debug|Win32
		{66BAB74B-A8CE-41F5-A2D4-364036717C26}.Release|x64.ActiveCfg = Release|x64
		{66BAB74B-A8CE-41F5-A2D4-364036717C26}.Release|x64.Build.0 = Release|x64
		{66BAB74B-A8CE-41F5-A2D4-364036717C26}.Release|x86.ActiveCfg = Release|Win32
		{66BAB74B-A8CE-41F5-A2D4-364036717C26}.Release|x86.Build.0 = Release|Win32
		{5926C94B-1DA7-4F2B-83D8-E48C1E12B2DC}.Debug|x64.ActiveCfg = Debug|x64
		{5926C94B-1DA7-4F2B-83D8-E48C1E12B2DC}.Debug|x64.Build.0 = Debug|x64
		{5926C94B-1DA7-4F2B-83D8-E48C1E12B2DC}.Debug|x86.ActiveCfg = Debug|Win32
		{5926C94B-1DA7-4F2B-83D8-E48C1E12B2DC}.Debug|x86.Build.0 = Debug|Win32
		{5926C94B-1DA7-4F2B-83D8-E48C1E12B2DC}.Release|x64.ActiveCfg = Release|x64
		{5926C94B-1DA7-4F2B-83D8-E48C1E12B2DC}.Release|x64.Build.0 = Release|x64
		{5926C94B-1DA7-4F2B-83D8-E48C1E12B2DC}.Release|x86.ActiveCfg = Release|Win32
		{5926C94B-1DA7-4F2B-83D8-E48C1E12B2DC}.Release|x86.Build.0 = Release|Win32
		{6097E48A-AC86-42BC-89A6-641D0ADBBF7A}.Debug|x64.ActiveCfg = Debug|x64
		{6097E48A-AC86-42BC-89A6-641D0ADBBF7A}.Debug|x64.Build.0 = Debug|x64
		{6097E48A-AC86-42BC-89A6-641D0ADBBF7A}.Debug|x86.ActiveCfg = Debug|Win32
		{6097E48A-AC86-42BC-89A6-641D0ADBBF7A}.Debug|x86.Build.0 = Debug|Win32
		{6097E48A-AC86-42BC-89A6-641D0ADBBF7A}.Release|x64.ActiveCfg = Release|x64
		{6097E48A-AC86-42BC-89A6-641D0ADBBF7A}.Release|x64.Build.0 = Release|x64
		{6097E48A-AC86-42BC-89A6-641D0ADBBF7A}.Release|x86.ActiveCfg = Release|Win32
		{6097E48A-AC86-42BC-89A6-641D0ADBBF7A}.Release|x86.Build.0 = Release|Win32
		{5C646FF5-FDBE-4C8E-BECD-78F224175D1F}.Debug|x64.ActiveCfg = Debug|x64
		{5C646FF5-FDBE-4C8E-BECD-78F224175D1F}.Debug|x64.Build.0 = Debug|x64
		{5C646FF5-FDBE-4C8E-BECD-78F224175D1F}.Debug|x86.ActiveCfg = Debug|Win32
		{5C646FF5-FDBE-4C8E-BECD-78F224175D1F}.Debug|x86.Build.0 = Debug|Win32
		{5C646FF5-FDBE-4C8E-BECD-78F224175D1F}.Release|x64.ActiveCfg = Release|x64
		{5C646FF5-FDBE-4C8E-BECD-78F224175D1F}.Release|x64.Build.0 = Release|x64
		{5C646FF5-FDBE-4C8E-BECD-78F224175D1F}.Release|x86.ActiveCfg = Release|Win32
		{5C646FF5-FDBE-4C8E-BECD-78F224175D1F}.Release|x86.Build.0 = Release|Win32
		{6F1BE987-06A6-4366-A0C6-5F1151CA6936}.Debug|x64.ActiveCfg = Debug|x64
		{6F1BE987-06A6-4366-A0C6-5F1151CA6936}.Debug|x64.Build.0 = Debug|x64
		{6F1BE987-06A6-4366-A0C6-5F1151CA6936}.Debug|x86.ActiveCfg = Debug|Win32
		{6F1BE987-06A6-4366-A0C6-5F1151CA6936}.Debug|x86.Build.0 = Debug|Win32
		{6F1BE987-06A6-4366-A0C6-5F1151CA6936}.Release|x64.ActiveCfg = Release|x64
		{6F1BE987-06A6-4366-A0C6-5F1151CA6936}.Release|x64.Build.0 = Release|x64
		{6F1BE987-06A6-4366-A0C6-5F1151CA6936}.Release|x86.ActiveCfg = Release|Win32
		{6F1BE987-06A6-4366-A0C6-5F1151CA6936}.Release|x86.Build.0 = Release|Win32
		{8FBB44B1-A6D0-42EE-B731-23E7FACE4BC0}.Debug|x64.ActiveCfg = Debug|x64
		{8FBB44B1-A6D0-42EE-B731-23E7FACE4BC0}.Debug|x64.Build.0 = Debug|x64
		{8FBB44B1-A6D0-42EE-B731-23E7FACE4BC0}.Debug|x86.ActiveCfg = Debug|Win32
		{8FBB44B1-A6D0-42EE-B731-23E7FACE4BC0}.Debug|x86.Build.0 = Debug|Win32
		{8FBB44B1-A6D0-42EE-B731-23E7FACE4BC0}.Release|x64.ActiveCfg = Release|x64
		{8FBB44B1-A6D0-42EE-B731-23E7FACE4BC0}.Release|x64.Build.0 = Release|x64
		{8FBB44B1-A6D0-42EE-B731-23E7FACE4BC0}.Release|x86.ActiveCfg = Release|Win32
		{8FBB44B1-A6D0-42EE-B731-23E7FACE4BC0}.Release|x86.Build.0 = Release|Win32
		{04D0683E-7C80-4CE3-B3AB-0EE364837BA3}.Debug|x64.ActiveCfg = Debug|x64
		{04D0683E-7C80-4CE3-B3AB-0EE364837BA3}.Debug|x64.Build.0 = Debug|x64
		{04D0683E-7C80-4CE3-B3AB-0EE364837BA3}.Debug|x86.ActiveCfg = Debug|Win32
		{04D0683E-7C80-4CE3-B3AB-0EE364837BA3}.Debug|x86.Build.0 = Debug|Win32
		{04D0683E-7C80-4CE3-B3AB-0EE364837BA3}.Release|x64.ActiveCfg = Release|x64
		{04D0683E-7C80-4CE3-B3AB-0EE364837BA3}.Release|x64.Build.0 = Release|x64
		{04D0683E-7C80-4CE3-B3AB-0EE364837BA3}.Release|x86.ActiveCfg = Release|Win32
		{04D0683E-7C80-4CE3-B3AB-0EE364837BA3}.Release|x86.Build.0 = Release|Win32
		{C90E99F7-CF5D-4085-86A9-4102F21B842C}.Debug|x64.ActiveCfg = Debug|x64
		{C90E99F7-CF5D-4085-86A9-4102F21B842C}.Debug|x64.Build.0 = Debug|x64
		{C90E99F7-CF5D-4085-86A9-4102F21B842C}.Debug|x86.ActiveCfg = Debug|Win32
		{C90E99F7-CF5D-4085-86A9-4102F21B842C}.Debug|x86.Build.0 = Debug|Win32
		{C90E99F7-CF5D-4085-86A9-4102F21B842C}.Release|x64.ActiveCfg = Release|x64
		{C90E99F7-CF5D-4085-86A9-4102F21B842C}.Release|x64.Build.0 = Release|x64
		{C90E99F7-CF5D-4085-86A9-4102F21B842C}.Release|x86.ActiveCfg = Release|Win32
		{C90E99F7-CF5D-4085-86A9-4102F21B842C}.Release|x86.Build.0 = Release|Win32
		{38585A0C-4B8D-4CCF-8C39-3D158613F587}.Debug|x64.ActiveCfg = Debug|x64
		{38585A0C-4B8D-4CCF-8C39-3D158613F587}.Debug|x64.Build.0 = Debug|x64
		{38585A0C-4B8D-4CCF-8C39-3D158613F587}.Debug|x86.ActiveCfg = Debug|Win32
		{38585A0C-4B8D-4CCF-8C39-3D158613F587}.Debug|x86.Build.0 = Debug|Win32
		{38585A0C-4B8D-4CCF-8C39-3D158613F587}.Release|x64.ActiveCfg = Release|x64
		{38585A0C-4B8D-4CCF-8C39-3D158613F587}.Release|x64.Build.0 = Release|x64
		{38585A0C-4B8D-4CCF-8C39-3D158613F587}.Release|x86.ActiveCfg = Release|Win32
		{38585A0C-4B8D-4CCF-8C39-3D158613F587}.Release|x86.Build.0 = Release|Win32
		{752B135D-E9C9-41B1-8331-C965B553A19A}.Debug|x64.ActiveCfg = Debug|x64
		{752B135D-E9C9-41B1-8331-C965B553A19A}.Debug|x64.Build.0 = Debug|x64
		{752B135D-E9C9-41B1-8331-C965B553A19A}.Debug|x86.ActiveCfg = Debug|Win32
		{752B135D-E9C9-41B1-8331-C965B553A19A}.Debug|x86.Build.0 = Debug|Win32
		{752B135D-E9C9-41B1-8331-C965B553A19A}.Release|x64.ActiveCfg = Release|x64
		{752B135D-E9C9-41B1-8331-C965B553A19A}.Release|x64.Build.0 = Release|x64
		{752B135D-E9C9-41B1-8331-C965B553A19A}.Release|x86.ActiveCfg = Release|Win32
		{752B135D-E9C9-41B1-8331-C965B553A19A}.Release|x86.Build.0 = Release|Win32
		{95B4786A-4CA3-4D0B-84D5-E85E004A988D}.Debug|x64.ActiveCfg = Debug|x64
		{95B4786A-4CA3-4D0B-84D5-E85E004A988D}.Debug|x64.Build.0 = Debug|x64
		{95B4786A-4CA3-4D0B-84D5-E85E004A988D}.Debug|x86.ActiveCfg = Debug|Win32
		{95B4786A-4CA3-4D0B-84D5-E85E004A988D}.Debug|x86.Build.0 = Debug|Win32
		{95B4786A-4CA3-4D0B-84D5-E85E004A988D}.Release|x64.ActiveCfg = Release|x64
		{95B4786A-4CA3-4D0B-84D5-E85E004A988D}.Release|x64.Build.0 = Release|x64
		{95B4786A-4CA3-4D0B-84D5-E85E004A988D}.Release|x86.ActiveCfg = Release|Win32
		{95B4786A-4CA3-4D0B-84D5-E85E004A988D}.Release|x86.Build.0 = Release|Win32
		{B3DC3EA6-4BD4-4B1C-893F-44E163577F91}.Debug|x64.ActiveCfg = Debug|x64
		{B3DC3EA6-4BD4-4B1C-893F-44E163577F91}.Debug|x64.Build.0 = Debug|x64
		{B3DC3EA6-4BD4-4B1C-893F-44E163577F91}.Debug|x86.ActiveCfg = Debug|Win32
		{B3DC3EA6-4BD4-4B1C-893F-44E163577F91}.Debug|x86.Build.0 = Debug|Win32
		{B3DC3EA6-4BD4-4B1C-893F-44E163577F91}.Release|x64.ActiveCfg = Release|x64
		{B3DC3EA6-4BD4-4B1C-893F-44E163577F91}.Release|x64.Build.0 = Release|x64
		{B3DC3EA6-4BD4-4B1C-893F-44E163577F91}.Release|x86.ActiveCfg = Release|Win32
		{B3DC3EA6-4BD4-4B1C-893F-44E163577F91}.Release|x86.Build.0 = Release|Win32
		{1914AF6B-E617-4737-B362-76726312AABA}.Debug|x64.ActiveCfg = Debug|x64
		{1914AF6B-E617-4737-B362-76726312AABA}.Debug|x64.Build.0 = Debug|x64
		{1914AF6B-E617-4737-B362-76726312AABA}.Debug|x86.ActiveCfg = Debug|Win32
		{1914AF6B-E617-4737-B362-76726312AABA}.Debug|x86.Build.0 = Debug|Win32
		{1914AF6B-E617-4737-B362-76726312AABA}.Release|x64.ActiveCfg = Release|x64
		{1914AF6B-E617-4737-B362-76726312AABA}.Release|x64.Build.0 = Release|x64
		{1914AF6B-E617-4737-B362-76726312AABA}.Release|x86.ActiveCfg = Release|Win32
		{1914AF6B-E617-4737-B362-76726312AABA}.Release|x86.Build.0 = Release|Win32
		{E78F5FB4-1AD3-4E8B-A488-1B80DA1EC405}.Debug|x64.ActiveCfg = Debug|x64
		{E78F5FB4-1AD3-4E8B-A488-1B80DA1EC405}.Debug|x64.Build.0 = Debug|x64
		{E78F5FB4-1AD3-4E8B-A488-1B80DA1EC405}.Debug|x86.ActiveCfg = Debug|Win32
		{E78F5FB4-1AD3-4E8B-A488-1B80DA1EC405}.Debug|x86.Build.0 = Debug|Win32
		{E78F5FB4-1AD3-4E8B-A488-1B80DA1EC405}.Release|x64.ActiveCfg = Release|x64
		{E78F5FB4-1AD3-4E8B-A488-1B80DA1EC405}.Release|x64.Build.0 = Release|x64
		{E78F5FB4-1AD3-4E8B-A488-1B80DA1EC405}.Release|x86.ActiveCfg = Release|Win32
		{E78F5FB4-1AD3-4E8B-A488-1B80DA1EC405}.Release|x86.Build.0 = Release|Win32
		{B9AE620B-CC73-4AAF-AE11-0A836FBDED97}.Debug|x64.ActiveCfg = Debug|x64
		{B9AE620B-CC73-4AAF-AE11-0A836FBDED97}.Debug|x64.Build.0 = Debug|x64
		{B9AE620B-CC73-4AAF-AE11-0A836FBDED97}.Debug|x86.ActiveCfg = Debug|Win32
		{B9AE620B-CC73-4AAF-AE11-0A836FBDED97}.Debug|x86.Build.0 = Debug|Win32
		{B9AE620B-CC73-4AAF-AE11-0A836FBDED97}.Release|x64.ActiveCfg = Release|x64
		{B9AE620B-CC73-4AAF-AE11-0A836FBDED97}.Release|x64.Build.0 = Release|x64
		{B9AE620B-CC73-4AAF-AE11-0A836FBDED97}.Release|x86.ActiveCfg = Release|Win32
		{B9AE620B-CC73-4AAF-AE11-0A836FBDED97}.Release|x86.Build.0 = Release|Win32
		{46324C4A-B0DF-4191-AC0C-2CBDDD75C511}.Debug|x64.ActiveCfg = Debug|x64
		{46324C4A-B0DF-4191-AC0C-2CBDDD75C511}.Debug|x64.Build.0 = Debug|x64
		{46324C4A-B0DF-4191-AC0C-2CBDDD75C511}.Debug|x86.ActiveCfg = Debug|Win32
		{46324C4A-B0DF-4191-AC0C-2CBDDD75C511}.Debug|x86.Build.0 = Debug|Win32
		{46324C4A-B0DF-4191-AC0C-2CBDDD75C511}.Release|x64.ActiveCfg = Release|x64
		{46324C4A-B0DF-4191-AC0C-2CBDDD75C511}.Release|x64.Build.0 = Release|x64
		{46324C4A-B0DF-4191-AC0C-2CBDDD75C511}.Release|x86.ActiveCfg = Release|Win32
		{46324C4A-B0DF-4191-AC0C-2CBDDD75C511}.Release|x86.Build.0 = Release|Win32
	EndGlobalSection
	GlobalSection(SolutionProperties) = preSolution
		HideSolutionNode = FALSE
	EndGlobalSection
	GlobalSection(ExtensibilityGlobals) = postSolution
		SolutionGuid = {51D1C10B-272E-42CA-994D-FB92C4E9E65C}
	EndGlobalSection
EndGlobal
