
Microsoft Visual Studio Solution File, Format Version 12.00
# Visual Studio 15
VisualStudioVersion = 15.0.28307.329
MinimumVisualStudioVersion = 10.0.40219.1
Project("{8BC9CEB8-8B4A-11D0-8D11-00A0C91BC942}") = "Project30", "Project30\Project30.vcxproj", "{F13CBDCA-B25F-4C1D-8F37-403FD842620F}"
EndProject
Global
	GlobalSection(SolutionConfigurationPlatforms) = preSolution
		Debug|x64 = Debug|x64
		Debug|x86 = Debug|x86
		Release|x64 = Release|x64
		Release|x86 = Release|x86
	EndGlobalSection
	GlobalSection(ProjectConfigurationPlatforms) = postSolution
		{F13CBDCA-B25F-4C1D-8F37-403FD842620F}.Debug|x64.ActiveCfg = Debug|x64
		{F13CBDCA-B25F-4C1D-8F37-403FD842620F}.Debug|x64.Build.0 = Debug|x64
		{F13CBDCA-B25F-4C1D-8F37-403FD842620F}.Debug|x86.ActiveCfg = Debug|Win32
		{F13CBDCA-B25F-4C1D-8F37-403FD842620F}.Debug|x86.Build.0 = Debug|Win32
		{F13CBDCA-B25F-4C1D-8F37-403FD842620F}.Release|x64.ActiveCfg = Release|x64
		{F13CBDCA-B25F-4C1D-8F37-403FD842620F}.Release|x64.Build.0 = Release|x64
		{F13CBDCA-B25F-4C1D-8F37-403FD842620F}.Release|x86.ActiveCfg = Release|Win32
		{F13CBDCA-B25F-4C1D-8F37-403FD842620F}.Release|x86.Build.0 = Release|Win32
	EndGlobalSection
	GlobalSection(SolutionProperties) = preSolution
		HideSolutionNode = FALSE
	EndGlobalSection
	GlobalSection(ExtensibilityGlobals) = postSolution
		SolutionGuid = {2C31740C-CE6E-4CF6-8FF6-88B87D107DA2}
	EndGlobalSection
EndGlobal
